
Microsoft Visual Studio Solution File, Format Version 12.00
# Visual Studio 14
VisualStudioVersion = 14.0.25420.1
MinimumVisualStudioVersion = 10.0.40219.1
Project("{FAE04EC0-301F-11D3-BF4B-00C04F79EFBC}") = "Delegate", "Delegate\Delegate.csproj", "{560F1FCE-7DFA-49F9-B655-85B8E7E4200C}"
EndProject
Project("{FAE04EC0-301F-11D3-BF4B-00C04F79EFBC}") = "Thread", "Thread\Thread.csproj", "{702EC497-F8BE-4DED-9953-9083CD16DDF4}"
EndProject
Global
	GlobalSection(SolutionConfigurationPlatforms) = preSolution
		Debug|Any CPU = Debug|Any CPU
		Release|Any CPU = Release|Any CPU
	EndGlobalSection
	GlobalSection(ProjectConfigurationPlatforms) = postSolution
		{560F1FCE-7DFA-49F9-B655-85B8E7E4200C}.Debug|Any CPU.ActiveCfg = Debug|Any CPU
		{560F1FCE-7DFA-49F9-B655-85B8E7E4200C}.Debug|Any CPU.Build.0 = Debug|Any CPU
		{560F1FCE-7DFA-49F9-B655-85B8E7E4200C}.Release|Any CPU.ActiveCfg = Release|Any CPU
		{560F1FCE-7DFA-49F9-B655-85B8E7E4200C}.Release|Any CPU.Build.0 = Release|Any CPU
		{702EC497-F8BE-4DED-9953-9083CD16DDF4}.Debug|Any CPU.ActiveCfg = Debug|Any CPU
		{702EC497-F8BE-4DED-9953-9083CD16DDF4}.Debug|Any CPU.Build.0 = Debug|Any CPU
		{702EC497-F8BE-4DED-9953-9083CD16DDF4}.Release|Any CPU.ActiveCfg = Release|Any CPU
		{702EC497-F8BE-4DED-9953-9083CD16DDF4}.Release|Any CPU.Build.0 = Release|Any CPU
	EndGlobalSection
	GlobalSection(SolutionProperties) = preSolution
		HideSolutionNode = FALSE
	EndGlobalSection
EndGlobal
